{
  "name": "ms-db",
  "version": "1.5.5",
  "lockfileVersion": 2,
  "requires": true,
  "packages": {
    "": {
      "name": "ms-db",
      "version": "1.5.5",
      "license": "ISC",
      "dependencies": {
        "metalogger": "^2.2.1",
        "ms-db-migration": "^1.5.5",
        "postgres": "^3.2.4"
      },
      "bin": {
        "new": "new.js",
        "npx-cli-package": "new.js"
      }
    },
    "node_modules/callsite": {
      "version": "1.0.0",
      "resolved": "https://registry.npmjs.org/callsite/-/callsite-1.0.0.tgz",
      "integrity": "sha512-0vdNRFXn5q+dtOqjfFtmtlI9N2eVZ7LMyEV2iKC5mEEFvSg/69Ml6b/WU2qF8W1nLRa0wiSrDT3Y5jOHZCwKPQ==",
      "engines": {
        "node": "*"
      }
    },
    "node_modules/config": {
      "version": "1.31.0",
      "resolved": "https://registry.npmjs.org/config/-/config-1.31.0.tgz",
      "integrity": "sha512-Ep/l9Rd1J9IPueztJfpbOqVzuKHQh4ZODMNt9xqTYdBBNRXbV4oTu34kCkkfdRVcDq0ohtpaeXGgb+c0LQxFRA==",
      "dependencies": {
        "json5": "^1.0.1"
      },
      "engines": {
        "node": ">= 4.0.0"
      }
    },
    "node_modules/json-stringify-pretty-compact": {
      "version": "1.2.0",
      "resolved": "https://registry.npmjs.org/json-stringify-pretty-compact/-/json-stringify-pretty-compact-1.2.0.tgz",
      "integrity": "sha512-/11Pj1OyX814QMKO7K8l85SHPTr/KsFxHp8GE2zVa0BtJgGimDjXHfM3FhC7keQdWDea7+nXf+f1de7ATZcZkQ=="
    },
    "node_modules/json5": {
      "version": "1.0.1",
      "resolved": "https://registry.npmjs.org/json5/-/json5-1.0.1.tgz",
      "integrity": "sha512-aKS4WQjPenRxiQsC93MNfjx+nbF4PAdYzmd/1JIj8HYzqfbu86beTuNgXDzPknWk0n0uARlyewZo4s++ES36Ow==",
      "dependencies": {
        "minimist": "^1.2.0"
      },
      "bin": {
        "json5": "lib/cli.js"
      }
    },
    "node_modules/metalogger": {
      "version": "2.2.1",
      "resolved": "https://registry.npmjs.org/metalogger/-/metalogger-2.2.1.tgz",
      "integrity": "sha512-6yOdIEJM7u1QPbiFoUlSwAkmyNrvELK+EO4+zYjDDJ2XSv2JYazQ4gnjJpYmNMBnH6GPJvPYQs/9IRXTlAJgzQ==",
      "dependencies": {
        "callsite": "^1.0.0",
        "config": "^1.16.0",
        "json-stringify-pretty-compact": "^1.0.4",
        "optional": "0.1.4",
        "yaml": "^0.3.0"
      }
    },
    "node_modules/minimist": {
      "version": "1.2.6",
      "resolved": "https://registry.npmjs.org/minimist/-/minimist-1.2.6.tgz",
      "integrity": "sha512-Jsjnk4bw3YJqYzbdyBiNsPWHPfO++UGG749Cxs6peCu5Xg4nrena6OVxOYxrQTqww0Jmwt+Ref8rggumkTLz9Q=="
    },
    "node_modules/mk-dirs": {
      "version": "3.0.0",
      "resolved": "https://registry.npmjs.org/mk-dirs/-/mk-dirs-3.0.0.tgz",
      "integrity": "sha512-FEZDdUFb88hgdnsfAPa4VxcPVOd+8GyZ2jsI965im5bjBlBYhrvXuTqLka/UHa6YdUNN/kZBsVgofhZ3322AJw==",
      "engines": {
        "node": ">=6"
      }
    },
    "node_modules/ms-db-migration": {
      "version": "1.5.5",
      "resolved": "https://registry.npmjs.org/ms-db-migration/-/ms-db-migration-1.5.5.tgz",
      "integrity": "sha512-wnN4KKz6BTrB0/1/kH/0r2Ez2RBqIe0fccoCoFNr9aBdCAefcvP7eDxmGAnTOQTQHpWDlobFSt6wXLJr3CThFQ==",
      "dependencies": {
        "mk-dirs": "^3.0.0",
        "postgres": "^3.2.4",
        "totalist": "^2.0.0"
      },
      "engines": {
        "node": ">= 16"
      }
    },
    "node_modules/optional": {
      "version": "0.1.4",
      "resolved": "https://registry.npmjs.org/optional/-/optional-0.1.4.tgz",
      "integrity": "sha512-gtvrrCfkE08wKcgXaVwQVgwEQ8vel2dc5DDBn9RLQZ3YtmtkBss6A2HY6BnJH4N/4Ku97Ri/SF8sNWE2225WJw=="
    },
    "node_modules/postgres": {
      "version": "3.2.4",
      "resolved": "https://registry.npmjs.org/postgres/-/postgres-3.2.4.tgz",
      "integrity": "sha512-iscysD+ZlM4A9zj0RS2zo3f4Us4yuov94Yx+p3dE1rEARaBHC8R3/gRq40KEnWp1lxjuFq9EjuAenIUsPaTaDA==",
      "funding": {
        "type": "individual",
        "url": "https://github.com/sponsors/porsager"
      }
    },
    "node_modules/totalist": {
      "version": "2.0.0",
      "resolved": "https://registry.npmjs.org/totalist/-/totalist-2.0.0.tgz",
      "integrity": "sha512-+Y17F0YzxfACxTyjfhnJQEe7afPA0GSpYlFkl2VFMxYP7jshQf9gXV7cH47EfToBumFThfKBvfAcoUn6fdNeRQ==",
      "engines": {
        "node": ">=6"
      }
    },
    "node_modules/yaml": {
      "version": "0.3.0",
      "resolved": "https://registry.npmjs.org/yaml/-/yaml-0.3.0.tgz",
      "integrity": "sha512-ka+SiTLi+1YsgtqfXkS+sIiVnX1mHwcRd0Fzaby37piYmwA9wOj9dZLivZhTgKnzqhIkWcVIajS03CIGEfCKXw=="
    }
  },
  "dependencies": {
    "callsite": {
      "version": "1.0.0",
      "resolved": "https://registry.npmjs.org/callsite/-/callsite-1.0.0.tgz",
      "integrity": "sha512-0vdNRFXn5q+dtOqjfFtmtlI9N2eVZ7LMyEV2iKC5mEEFvSg/69Ml6b/WU2qF8W1nLRa0wiSrDT3Y5jOHZCwKPQ=="
    },
    "config": {
      "version": "1.31.0",
      "resolved": "https://registry.npmjs.org/config/-/config-1.31.0.tgz",
      "integrity": "sha512-Ep/l9Rd1J9IPueztJfpbOqVzuKHQh4ZODMNt9xqTYdBBNRXbV4oTu34kCkkfdRVcDq0ohtpaeXGgb+c0LQxFRA==",
      "requires": {
        "json5": "^1.0.1"
      }
    },
    "json-stringify-pretty-compact": {
      "version": "1.2.0",
      "resolved": "https://registry.npmjs.org/json-stringify-pretty-compact/-/json-stringify-pretty-compact-1.2.0.tgz",
      "integrity": "sha512-/11Pj1OyX814QMKO7K8l85SHPTr/KsFxHp8GE2zVa0BtJgGimDjXHfM3FhC7keQdWDea7+nXf+f1de7ATZcZkQ=="
    },
    "json5": {
      "version": "1.0.1",
      "resolved": "https://registry.npmjs.org/json5/-/json5-1.0.1.tgz",
      "integrity": "sha512-aKS4WQjPenRxiQsC93MNfjx+nbF4PAdYzmd/1JIj8HYzqfbu86beTuNgXDzPknWk0n0uARlyewZo4s++ES36Ow==",
      "requires": {
        "minimist": "^1.2.0"
      }
    },
    "metalogger": {
      "version": "2.2.1",
      "resolved": "https://registry.npmjs.org/metalogger/-/metalogger-2.2.1.tgz",
      "integrity": "sha512-6yOdIEJM7u1QPbiFoUlSwAkmyNrvELK+EO4+zYjDDJ2XSv2JYazQ4gnjJpYmNMBnH6GPJvPYQs/9IRXTlAJgzQ==",
      "requires": {
        "callsite": "^1.0.0",
        "config": "^1.16.0",
        "json-stringify-pretty-compact": "^1.0.4",
        "optional": "0.1.4",
        "yaml": "^0.3.0"
      }
    },
    "minimist": {
      "version": "1.2.6",
      "resolved": "https://registry.npmjs.org/minimist/-/minimist-1.2.6.tgz",
      "integrity": "sha512-Jsjnk4bw3YJqYzbdyBiNsPWHPfO++UGG749Cxs6peCu5Xg4nrena6OVxOYxrQTqww0Jmwt+Ref8rggumkTLz9Q=="
    },
    "mk-dirs": {
      "version": "3.0.0",
      "resolved": "https://registry.npmjs.org/mk-dirs/-/mk-dirs-3.0.0.tgz",
      "integrity": "sha512-FEZDdUFb88hgdnsfAPa4VxcPVOd+8GyZ2jsI965im5bjBlBYhrvXuTqLka/UHa6YdUNN/kZBsVgofhZ3322AJw=="
    },
    "ms-db-migration": {
      "version": "1.5.5",
      "resolved": "https://registry.npmjs.org/ms-db-migration/-/ms-db-migration-1.5.5.tgz",
      "integrity": "sha512-wnN4KKz6BTrB0/1/kH/0r2Ez2RBqIe0fccoCoFNr9aBdCAefcvP7eDxmGAnTOQTQHpWDlobFSt6wXLJr3CThFQ==",
      "requires": {
        "mk-dirs": "^3.0.0",
        "postgres": "^3.2.4",
        "totalist": "^2.0.0"
      }
    },
    "optional": {
      "version": "0.1.4",
      "resolved": "https://registry.npmjs.org/optional/-/optional-0.1.4.tgz",
      "integrity": "sha512-gtvrrCfkE08wKcgXaVwQVgwEQ8vel2dc5DDBn9RLQZ3YtmtkBss6A2HY6BnJH4N/4Ku97Ri/SF8sNWE2225WJw=="
    },
    "postgres": {
      "version": "3.2.4",
      "resolved": "https://registry.npmjs.org/postgres/-/postgres-3.2.4.tgz",
      "integrity": "sha512-iscysD+ZlM4A9zj0RS2zo3f4Us4yuov94Yx+p3dE1rEARaBHC8R3/gRq40KEnWp1lxjuFq9EjuAenIUsPaTaDA=="
    },
    "totalist": {
      "version": "2.0.0",
      "resolved": "https://registry.npmjs.org/totalist/-/totalist-2.0.0.tgz",
      "integrity": "sha512-+Y17F0YzxfACxTyjfhnJQEe7afPA0GSpYlFkl2VFMxYP7jshQf9gXV7cH47EfToBumFThfKBvfAcoUn6fdNeRQ=="
    },
    "yaml": {
      "version": "0.3.0",
      "resolved": "https://registry.npmjs.org/yaml/-/yaml-0.3.0.tgz",
      "integrity": "sha512-ka+SiTLi+1YsgtqfXkS+sIiVnX1mHwcRd0Fzaby37piYmwA9wOj9dZLivZhTgKnzqhIkWcVIajS03CIGEfCKXw=="
    }
  }
}
